
Microsoft Visual Studio Solution File, Format Version 12.00
# Visual Studio Version 17
VisualStudioVersion = 17.14.36414.22 d17.14
MinimumVisualStudioVersion = 10.0.40219.1
Project("{FAE04EC0-301F-11D3-BF4B-00C04F79EFBC}") = "laboratorio19", "laboratorio19\laboratorio19.csproj", "{449B3123-A0A7-432B-9557-A9771BB42AB3}"
EndProject
Project("{FAE04EC0-301F-11D3-BF4B-00C04F79EFBC}") = "laboratorio19-2", "laboratorio19-2\laboratorio19-2.csproj", "{E86C2C17-361B-4BCE-AA84-77CD3F56E032}"
EndProject
Project("{FAE04EC0-301F-11D3-BF4B-00C04F79EFBC}") = "laboratorio19-3", "laboratorio19-3\laboratorio19-3.csproj", "{44612317-6661-45E1-B377-C28BB41DA687}"
EndProject
Global
	GlobalSection(SolutionConfigurationPlatforms) = preSolution
		Debug|Any CPU = Debug|Any CPU
		Release|Any CPU = Release|Any CPU
	EndGlobalSection
	GlobalSection(ProjectConfigurationPlatforms) = postSolution
		{449B3123-A0A7-432B-9557-A9771BB42AB3}.Debug|Any CPU.ActiveCfg = Debug|Any CPU
		{449B3123-A0A7-432B-9557-A9771BB42AB3}.Debug|Any CPU.Build.0 = Debug|Any CPU
		{449B3123-A0A7-432B-9557-A9771BB42AB3}.Release|Any CPU.ActiveCfg = Release|Any CPU
		{449B3123-A0A7-432B-9557-A9771BB42AB3}.Release|Any CPU.Build.0 = Release|Any CPU
		{E86C2C17-361B-4BCE-AA84-77CD3F56E032}.Debug|Any CPU.ActiveCfg = Debug|Any CPU
		{E86C2C17-361B-4BCE-AA84-77CD3F56E032}.Debug|Any CPU.Build.0 = Debug|Any CPU
		{E86C2C17-361B-4BCE-AA84-77CD3F56E032}.Release|Any CPU.ActiveCfg = Release|Any CPU
		{E86C2C17-361B-4BCE-AA84-77CD3F56E032}.Release|Any CPU.Build.0 = Release|Any CPU
		{44612317-6661-45E1-B377-C28BB41DA687}.Debug|Any CPU.ActiveCfg = Debug|Any CPU
		{44612317-6661-45E1-B377-C28BB41DA687}.Debug|Any CPU.Build.0 = Debug|Any CPU
		{44612317-6661-45E1-B377-C28BB41DA687}.Release|Any CPU.ActiveCfg = Release|Any CPU
		{44612317-6661-45E1-B377-C28BB41DA687}.Release|Any CPU.Build.0 = Release|Any CPU
	EndGlobalSection
	GlobalSection(SolutionProperties) = preSolution
		HideSolutionNode = FALSE
	EndGlobalSection
	GlobalSection(ExtensibilityGlobals) = postSolution
		SolutionGuid = {1E3BD574-2129-40F1-B7B5-AE13CDB5317F}
	EndGlobalSection
EndGlobal
