
Microsoft Visual Studio Solution File, Format Version 12.00
# Visual Studio Version 17
VisualStudioVersion = 17.14.36414.22 d17.14
MinimumVisualStudioVersion = 10.0.40219.1
Project("{FAE04EC0-301F-11D3-BF4B-00C04F79EFBC}") = "laboratorio16", "laboratorio16\laboratorio16.csproj", "{42448E28-7488-4BB0-BCF9-423A9E55A68F}"
EndProject
Global
	GlobalSection(SolutionConfigurationPlatforms) = preSolution
		Debug|Any CPU = Debug|Any CPU
		Release|Any CPU = Release|Any CPU
	EndGlobalSection
	GlobalSection(ProjectConfigurationPlatforms) = postSolution
		{42448E28-7488-4BB0-BCF9-423A9E55A68F}.Debug|Any CPU.ActiveCfg = Debug|Any CPU
		{42448E28-7488-4BB0-BCF9-423A9E55A68F}.Debug|Any CPU.Build.0 = Debug|Any CPU
		{42448E28-7488-4BB0-BCF9-423A9E55A68F}.Release|Any CPU.ActiveCfg = Release|Any CPU
		{42448E28-7488-4BB0-BCF9-423A9E55A68F}.Release|Any CPU.Build.0 = Release|Any CPU
	EndGlobalSection
	GlobalSection(SolutionProperties) = preSolution
		HideSolutionNode = FALSE
	EndGlobalSection
	GlobalSection(ExtensibilityGlobals) = postSolution
		SolutionGuid = {27C8EFE0-782D-4D5D-ABD0-BDF131B7421A}
	EndGlobalSection
EndGlobal
