
Microsoft Visual Studio Solution File, Format Version 12.00
# Visual Studio Version 17
VisualStudioVersion = 17.14.36414.22 d17.14
MinimumVisualStudioVersion = 10.0.40219.1
Project("{FAE04EC0-301F-11D3-BF4B-00C04F79EFBC}") = "parcial3", "parcial3\parcial3.csproj", "{CA1EBEEB-D037-4D71-A813-1EE504538E37}"
EndProject
Global
	GlobalSection(SolutionConfigurationPlatforms) = preSolution
		Debug|Any CPU = Debug|Any CPU
		Release|Any CPU = Release|Any CPU
	EndGlobalSection
	GlobalSection(ProjectConfigurationPlatforms) = postSolution
		{CA1EBEEB-D037-4D71-A813-1EE504538E37}.Debug|Any CPU.ActiveCfg = Debug|Any CPU
		{CA1EBEEB-D037-4D71-A813-1EE504538E37}.Debug|Any CPU.Build.0 = Debug|Any CPU
		{CA1EBEEB-D037-4D71-A813-1EE504538E37}.Release|Any CPU.ActiveCfg = Release|Any CPU
		{CA1EBEEB-D037-4D71-A813-1EE504538E37}.Release|Any CPU.Build.0 = Release|Any CPU
	EndGlobalSection
	GlobalSection(SolutionProperties) = preSolution
		HideSolutionNode = FALSE
	EndGlobalSection
	GlobalSection(ExtensibilityGlobals) = postSolution
		SolutionGuid = {E8B03A63-949B-4336-9C9B-20E2B0346C06}
	EndGlobalSection
EndGlobal
