
Microsoft Visual Studio Solution File, Format Version 12.00
# Visual Studio Version 17
VisualStudioVersion = 17.14.36414.22 d17.14
MinimumVisualStudioVersion = 10.0.40219.1
Project("{FAE04EC0-301F-11D3-BF4B-00C04F79EFBC}") = "laboratorio13", "laboratorio13\laboratorio13.csproj", "{A30FA1AA-2C68-492A-90B6-7A3A8DE9FF51}"
EndProject
Global
	GlobalSection(SolutionConfigurationPlatforms) = preSolution
		Debug|Any CPU = Debug|Any CPU
		Release|Any CPU = Release|Any CPU
	EndGlobalSection
	GlobalSection(ProjectConfigurationPlatforms) = postSolution
		{A30FA1AA-2C68-492A-90B6-7A3A8DE9FF51}.Debug|Any CPU.ActiveCfg = Debug|Any CPU
		{A30FA1AA-2C68-492A-90B6-7A3A8DE9FF51}.Debug|Any CPU.Build.0 = Debug|Any CPU
		{A30FA1AA-2C68-492A-90B6-7A3A8DE9FF51}.Release|Any CPU.ActiveCfg = Release|Any CPU
		{A30FA1AA-2C68-492A-90B6-7A3A8DE9FF51}.Release|Any CPU.Build.0 = Release|Any CPU
	EndGlobalSection
	GlobalSection(SolutionProperties) = preSolution
		HideSolutionNode = FALSE
	EndGlobalSection
	GlobalSection(ExtensibilityGlobals) = postSolution
		SolutionGuid = {1B35452A-47EB-4460-AE26-9CE484076FA3}
	EndGlobalSection
EndGlobal
